
Microsoft Visual Studio Solution File, Format Version 12.00
# Visual Studio Version 16
VisualStudioVersion = 16.0.29817.27
MinimumVisualStudioVersion = 10.0.40219.1
Project("{FAE04EC0-301F-11D3-BF4B-00C04F79EFBC}") = "ConsoleApp5", "ConsoleApp5\ConsoleApp5.csproj", "{E793E7CF-8B59-42D7-9044-8A2A8E462B30}"
EndProject
Global
	GlobalSection(SolutionConfigurationPlatforms) = preSolution
		Debug|Any CPU = Debug|Any CPU
		Release|Any CPU = Release|Any CPU
	EndGlobalSection
	GlobalSection(ProjectConfigurationPlatforms) = postSolution
		{E793E7CF-8B59-42D7-9044-8A2A8E462B30}.Debug|Any CPU.ActiveCfg = Debug|Any CPU
		{E793E7CF-8B59-42D7-9044-8A2A8E462B30}.Debug|Any CPU.Build.0 = Debug|Any CPU
		{E793E7CF-8B59-42D7-9044-8A2A8E462B30}.Release|Any CPU.ActiveCfg = Release|Any CPU
		{E793E7CF-8B59-42D7-9044-8A2A8E462B30}.Release|Any CPU.Build.0 = Release|Any CPU
	EndGlobalSection
	GlobalSection(SolutionProperties) = preSolution
		HideSolutionNode = FALSE
	EndGlobalSection
	GlobalSection(ExtensibilityGlobals) = postSolution
		SolutionGuid = {EB85278D-8690-4AF3-A102-2960F6FDE8EE}
	EndGlobalSection
EndGlobal
